
Microsoft Visual Studio Solution File, Format Version 12.00
Project("{FAE04EC0-301F-11D3-BF4B-00C04F79EFBC}") = "Sibintek.BeerMachine", "src\Sibintek.BeerMachine\Sibintek.BeerMachine.csproj", "{D3C213DD-AA5C-4F0C-A8F9-A04349136BE3}"
EndProject
Project("{FAE04EC0-301F-11D3-BF4B-00C04F79EFBC}") = "Sibintek.BeerMachine.Tests", "tests\Sibintek.BeerMachine.Tests\Sibintek.BeerMachine.Tests.csproj", "{352D766E-EBED-4B71-AB20-42C896A7C795}"
EndProject
Global
	GlobalSection(SolutionConfigurationPlatforms) = preSolution
		Debug|Any CPU = Debug|Any CPU
		Release|Any CPU = Release|Any CPU
	EndGlobalSection
	GlobalSection(ProjectConfigurationPlatforms) = postSolution
		{D3C213DD-AA5C-4F0C-A8F9-A04349136BE3}.Debug|Any CPU.ActiveCfg = Debug|Any CPU
		{D3C213DD-AA5C-4F0C-A8F9-A04349136BE3}.Debug|Any CPU.Build.0 = Debug|Any CPU
		{D3C213DD-AA5C-4F0C-A8F9-A04349136BE3}.Release|Any CPU.ActiveCfg = Release|Any CPU
		{D3C213DD-AA5C-4F0C-A8F9-A04349136BE3}.Release|Any CPU.Build.0 = Release|Any CPU
		{352D766E-EBED-4B71-AB20-42C896A7C795}.Debug|Any CPU.ActiveCfg = Debug|Any CPU
		{352D766E-EBED-4B71-AB20-42C896A7C795}.Debug|Any CPU.Build.0 = Debug|Any CPU
		{352D766E-EBED-4B71-AB20-42C896A7C795}.Release|Any CPU.ActiveCfg = Release|Any CPU
		{352D766E-EBED-4B71-AB20-42C896A7C795}.Release|Any CPU.Build.0 = Release|Any CPU
	EndGlobalSection
EndGlobal
